
Microsoft Visual Studio Solution File, Format Version 12.00
# Visual Studio Version 16
VisualStudioVersion = 16.0.31624.102
MinimumVisualStudioVersion = 10.0.40219.1
Project("{FAE04EC0-301F-11D3-BF4B-00C04F79EFBC}") = "CustomProcessingSample", "CustomProcessingSample.csproj", "{AC6604D5-C586-469D-A88F-70ED93DD1C12}"
EndProject
Global
	GlobalSection(SolutionConfigurationPlatforms) = preSolution
		Debug|Any CPU = Debug|Any CPU
		Release|Any CPU = Release|Any CPU
	EndGlobalSection
	GlobalSection(ProjectConfigurationPlatforms) = postSolution
		{AC6604D5-C586-469D-A88F-70ED93DD1C12}.Debug|Any CPU.ActiveCfg = Debug|Any CPU
		{AC6604D5-C586-469D-A88F-70ED93DD1C12}.Debug|Any CPU.Build.0 = Debug|Any CPU
		{AC6604D5-C586-469D-A88F-70ED93DD1C12}.Release|Any CPU.ActiveCfg = Release|Any CPU
		{AC6604D5-C586-469D-A88F-70ED93DD1C12}.Release|Any CPU.Build.0 = Release|Any CPU
	EndGlobalSection
	GlobalSection(SolutionProperties) = preSolution
		HideSolutionNode = FALSE
	EndGlobalSection
	GlobalSection(ExtensibilityGlobals) = postSolution
		SolutionGuid = {B6987CF3-60F8-4D06-9584-E5C2627B732B}
	EndGlobalSection
EndGlobal
